PODS:
  - CCUIModel (0.0.8):
    - CircleReferenceCheck
  - CircleReferenceCheck (0.0.1)
  - MutableArrayListener (0.1.0):
    - CircleReferenceCheck
  - TableViewArray/Category (0.1.9):
    - CCUIModel
  - TableViewArray/TableViewArray (0.1.9):
    - MutableArrayListener

DEPENDENCIES:
  - TableViewArray/Category (from `../`)
  - TableViewArray/TableViewArray (from `../`)

SPEC REPOS:
  https://github.com/cocoapods/specs.git:
    - CCUIModel
    - CircleReferenceCheck
    - MutableArrayListener

EXTERNAL SOURCES:
  TableViewArray:
    :path: "../"

SPEC CHECKSUMS:
  CCUIModel: aed70150602c6376cb526660bce2d5830cfbb3cc
  CircleReferenceCheck: 5ef0dbaff301108a523f845bf81dfa9a12a83024
  MutableArrayListener: 80566460c0f35ffe89d76a90ebb33adf7f413182
  TableViewArray: 17d2575d00c0a32ffbb7f8811e12b2dce1581bac

PODFILE CHECKSUM: 0b2e37206c8f347ed3b25feae6aa4f53dc75afd6

COCOAPODS: 1.5.3
